// !$*UTF8*$!
{
	archiveVersion = 1;
	classes = {
	};
	objectVersion = 56;
	objects = {

/* Begin PBXBuildFile section */
		0119CD0E2BE7557B00858CB2 /* partly_cloudy.scn in Resources */ = {isa = PBXBuildFile; fileRef = 0119CCFB2BE7557B00858CB2 /* partly_cloudy.scn */; };
		0119CD0F2BE7557B00858CB2 /* snowfall.scn in Resources */ = {isa = PBXBuildFile; fileRef = 0119CCFC2BE7557B00858CB2 /* snowfall.scn */; };
		0119CD102BE7557B00858CB2 /* night_snowfall.scn in Resources */ = {isa = PBXBuildFile; fileRef = 0119CCFD2BE7557B00858CB2 /* night_snowfall.scn */; };
		0119CD112BE7557B00858CB2 /* snowflake.scn in Resources */ = {isa = PBXBuildFile; fileRef = 0119CCFE2BE7557B00858CB2 /* snowflake.scn */; };
		0119CD122BE7557B00858CB2 /* thunderstorm.scn in Resources */ = {isa = PBXBuildFile; fileRef = 0119CCFF2BE7557B00858CB2 /* thunderstorm.scn */; };
		0119CD132BE7557B00858CB2 /* light_thunderstorm.scn in Resources */ = {isa = PBXBuildFile; fileRef = 0119CD002BE7557B00858CB2 /* light_thunderstorm.scn */; };
		0119CD142BE7557B00858CB2 /* big_thunderstorm_with_hail.scn in Resources */ = {isa = PBXBuildFile; fileRef = 0119CD012BE7557B00858CB2 /* big_thunderstorm_with_hail.scn */; };
		0119CD152BE7557B00858CB2 /* cloudy_fog.scn in Resources */ = {isa = PBXBuildFile; fileRef = 0119CD022BE7557B00858CB2 /* cloudy_fog.scn */; };
		0119CD162BE7557B00858CB2 /* cloudy_night.scn in Resources */ = {isa = PBXBuildFile; fileRef = 0119CD032BE7557B00858CB2 /* cloudy_night.scn */; };
		0119CD172BE7557B00858CB2 /* heavy_snow.scn in Resources */ = {isa = PBXBuildFile; fileRef = 0119CD042BE7557B00858CB2 /* heavy_snow.scn */; };
		0119CD182BE7557B00858CB2 /* light_rain.scn in Resources */ = {isa = PBXBuildFile; fileRef = 0119CD052BE7557B00858CB2 /* light_rain.scn */; };
		0119CD192BE7557B00858CB2 /* thunder_cloud.scn in Resources */ = {isa = PBXBuildFile; fileRef = 0119CD062BE7557B00858CB2 /* thunder_cloud.scn */; };
		0119CD1A2BE7557B00858CB2 /* sunny.scn in Resources */ = {isa = PBXBuildFile; fileRef = 0119CD072BE7557B00858CB2 /* sunny.scn */; };
		0119CD1B2BE7557B00858CB2 /* cloudy.scn in Resources */ = {isa = PBXBuildFile; fileRef = 0119CD082BE7557B00858CB2 /* cloudy.scn */; };
		0119CD1C2BE7557B00858CB2 /* solo_snow.scn in Resources */ = {isa = PBXBuildFile; fileRef = 0119CD092BE7557B00858CB2 /* solo_snow.scn */; };
		0119CD1D2BE7557B00858CB2 /* clear_moon.scn in Resources */ = {isa = PBXBuildFile; fileRef = 0119CD0A2BE7557B00858CB2 /* clear_moon.scn */; };
		0119CD1E2BE7557B00858CB2 /* angry_rain.scn in Resources */ = {isa = PBXBuildFile; fileRef = 0119CD0B2BE7557B00858CB2 /* angry_rain.scn */; };
		0119CD1F2BE7557B00858CB2 /* thunderstorm_with_hail.scn in Resources */ = {isa = PBXBuildFile; fileRef = 0119CD0C2BE7557B00858CB2 /* thunderstorm_with_hail.scn */; };
		0119CD202BE7557B00858CB2 /* heavy_rain.scn in Resources */ = {isa = PBXBuildFile; fileRef = 0119CD0D2BE7557B00858CB2 /* heavy_rain.scn */; };
		883BCC182BE665C60057D831 /* City.swift in Sources */ = {isa = PBXBuildFile; fileRef = 883BCC172BE665C60057D831 /* City.swift */; };
		883BCC1E2BE66E540057D831 /* AppViewBar.swift in Sources */ = {isa = PBXBuildFile; fileRef = 883BCC1D2BE66E540057D831 /* AppViewBar.swift */; };
		883BCC202BE66F150057D831 /* CurrentView.swift in Sources */ = {isa = PBXBuildFile; fileRef = 883BCC1F2BE66F150057D831 /* CurrentView.swift */; };
		883BCC222BE66F260057D831 /* TodayView.swift in Sources */ = {isa = PBXBuildFile; fileRef = 883BCC212BE66F260057D831 /* TodayView.swift */; };
		883BCC242BE66F310057D831 /* WeeklyView.swift in Sources */ = {isa = PBXBuildFile; fileRef = 883BCC232BE66F310057D831 /* WeeklyView.swift */; };
		883BCC262BE66F930057D831 /* SplashScreenView.swift in Sources */ = {isa = PBXBuildFile; fileRef = 883BCC252BE66F930057D831 /* SplashScreenView.swift */; };
		883BCC292BE66FDC0057D831 /* LoadingUIViewRepresentable.swift in Sources */ = {isa = PBXBuildFile; fileRef = 883BCC282BE66FDC0057D831 /* LoadingUIViewRepresentable.swift */; };
		883BCC3B2BE67CD90057D831 /* CurrentInfoDash.swift in Sources */ = {isa = PBXBuildFile; fileRef = 883BCC3A2BE67CD90057D831 /* CurrentInfoDash.swift */; };
		883BCC3D2BE67D0B0057D831 /* FetchAPI.swift in Sources */ = {isa = PBXBuildFile; fileRef = 883BCC3C2BE67D0B0057D831 /* FetchAPI.swift */; };
		885802EB2BE74ECE00B360FA /* WeeklyChart.swift in Sources */ = {isa = PBXBuildFile; fileRef = 885802EA2BE74ECE00B360FA /* WeeklyChart.swift */; };
		885802ED2BE74EF000B360FA /* TodayChart.swift in Sources */ = {isa = PBXBuildFile; fileRef = 885802EC2BE74EF000B360FA /* TodayChart.swift */; };
		885802EF2BE74F8D00B360FA /* MiniSceneView.swift in Sources */ = {isa = PBXBuildFile; fileRef = 885802EE2BE74F8D00B360FA /* MiniSceneView.swift */; };
		885802FC2BE753FC00B360FA /* WeeklyView.swift in Sources */ = {isa = PBXBuildFile; fileRef = 885802F22BE753FC00B360FA /* WeeklyView.swift */; };
		885802FD2BE753FC00B360FA /* CurrentView.swift in Sources */ = {isa = PBXBuildFile; fileRef = 885802F32BE753FC00B360FA /* CurrentView.swift */; };
		885802FF2BE753FC00B360FA /* TodayView.swift in Sources */ = {isa = PBXBuildFile; fileRef = 885802F52BE753FC00B360FA /* TodayView.swift */; };
		885803022BE753FC00B360FA /* ContentView.swift in Sources */ = {isa = PBXBuildFile; fileRef = 885802F82BE753FC00B360FA /* ContentView.swift */; };
		885803032BE753FC00B360FA /* AppViewBar.swift in Sources */ = {isa = PBXBuildFile; fileRef = 885802FA2BE753FC00B360FA /* AppViewBar.swift */; };
		885803192BEA25F600B360FA /* partly_cloudy.scn in Resources */ = {isa = PBXBuildFile; fileRef = 885803062BEA25F600B360FA /* partly_cloudy.scn */; };
		8858031A2BEA25F600B360FA /* snowfall.scn in Resources */ = {isa = PBXBuildFile; fileRef = 885803072BEA25F600B360FA /* snowfall.scn */; };
		8858031B2BEA25F600B360FA /* night_snowfall.scn in Resources */ = {isa = PBXBuildFile; fileRef = 885803082BEA25F600B360FA /* night_snowfall.scn */; };
		8858031C2BEA25F600B360FA /* snowflake.scn in Resources */ = {isa = PBXBuildFile; fileRef = 885803092BEA25F600B360FA /* snowflake.scn */; };
		8858031D2BEA25F600B360FA /* thunderstorm.scn in Resources */ = {isa = PBXBuildFile; fileRef = 8858030A2BEA25F600B360FA /* thunderstorm.scn */; };
		8858031E2BEA25F600B360FA /* light_thunderstorm.scn in Resources */ = {isa = PBXBuildFile; fileRef = 8858030B2BEA25F600B360FA /* light_thunderstorm.scn */; };
		8858031F2BEA25F600B360FA /* big_thunderstorm_with_hail.scn in Resources */ = {isa = PBXBuildFile; fileRef = 8858030C2BEA25F600B360FA /* big_thunderstorm_with_hail.scn */; };
		885803202BEA25F600B360FA /* cloudy_fog.scn in Resources */ = {isa = PBXBuildFile; fileRef = 8858030D2BEA25F600B360FA /* cloudy_fog.scn */; };
		885803212BEA25F600B360FA /* cloudy_night.scn in Resources */ = {isa = PBXBuildFile; fileRef = 8858030E2BEA25F600B360FA /* cloudy_night.scn */; };
		885803222BEA25F600B360FA /* heavy_snow.scn in Resources */ = {isa = PBXBuildFile; fileRef = 8858030F2BEA25F600B360FA /* heavy_snow.scn */; };
		885803232BEA25F600B360FA /* light_rain.scn in Resources */ = {isa = PBXBuildFile; fileRef = 885803102BEA25F600B360FA /* light_rain.scn */; };
		885803242BEA25F600B360FA /* thunder_cloud.scn in Resources */ = {isa = PBXBuildFile; fileRef = 885803112BEA25F600B360FA /* thunder_cloud.scn */; };
		885803252BEA25F600B360FA /* sunny.scn in Resources */ = {isa = PBXBuildFile; fileRef = 885803122BEA25F600B360FA /* sunny.scn */; };
		885803262BEA25F600B360FA /* cloudy.scn in Resources */ = {isa = PBXBuildFile; fileRef = 885803132BEA25F600B360FA /* cloudy.scn */; };
		885803272BEA25F600B360FA /* solo_snow.scn in Resources */ = {isa = PBXBuildFile; fileRef = 885803142BEA25F600B360FA /* solo_snow.scn */; };
		885803282BEA25F600B360FA /* clear_moon.scn in Resources */ = {isa = PBXBuildFile; fileRef = 885803152BEA25F600B360FA /* clear_moon.scn */; };
		885803292BEA25F600B360FA /* angry_rain.scn in Resources */ = {isa = PBXBuildFile; fileRef = 885803162BEA25F600B360FA /* angry_rain.scn */; };
		8858032A2BEA25F600B360FA /* thunderstorm_with_hail.scn in Resources */ = {isa = PBXBuildFile; fileRef = 885803172BEA25F600B360FA /* thunderstorm_with_hail.scn */; };
		8858032B2BEA25F600B360FA /* heavy_rain.scn in Resources */ = {isa = PBXBuildFile; fileRef = 885803182BEA25F600B360FA /* heavy_rain.scn */; };
		887FE5002BDFDBA80086FB6E /* WeatherlyApp.swift in Sources */ = {isa = PBXBuildFile; fileRef = 887FE4FF2BDFDBA80086FB6E /* WeatherlyApp.swift */; };
		887FE5022BDFDBA80086FB6E /* ContentView.swift in Sources */ = {isa = PBXBuildFile; fileRef = 887FE5012BDFDBA80086FB6E /* ContentView.swift */; };
		887FE5042BDFDBAA0086FB6E /* Assets.xcassets in Resources */ = {isa = PBXBuildFile; fileRef = 887FE5032BDFDBAA0086FB6E /* Assets.xcassets */; };
		887FE5072BDFDBAA0086FB6E /* Preview Assets.xcassets in Resources */ = {isa = PBXBuildFile; fileRef = 887FE5062BDFDBAA0086FB6E /* Preview Assets.xcassets */; };
		887FE5112BDFDBAA0086FB6E /* WeatherlyTests.swift in Sources */ = {isa = PBXBuildFile; fileRef = 887FE5102BDFDBAA0086FB6E /* WeatherlyTests.swift */; };
		887FE51B2BDFDBAA0086FB6E /* WeatherlyUITests.swift in Sources */ = {isa = PBXBuildFile; fileRef = 887FE51A2BDFDBAA0086FB6E /* WeatherlyUITests.swift */; };
		887FE51D2BDFDBAA0086FB6E /* WeatherlyUITestsLaunchTests.swift in Sources */ = {isa = PBXBuildFile; fileRef = 887FE51C2BDFDBAA0086FB6E /* WeatherlyUITestsLaunchTests.swift */; };
		887FE52F2BDFDE1D0086FB6E /* LocationManager.swift in Sources */ = {isa = PBXBuildFile; fileRef = 887FE52E2BDFDE1D0086FB6E /* LocationManager.swift */; };
		887FE5312BDFDE330086FB6E /* WeatherManager.swift in Sources */ = {isa = PBXBuildFile; fileRef = 887FE5302BDFDE330086FB6E /* WeatherManager.swift */; };
		887FE5332BDFDE460086FB6E /* ModelData.swift in Sources */ = {isa = PBXBuildFile; fileRef = 887FE5322BDFDE460086FB6E /* ModelData.swift */; };
		887FE5352BDFDE5E0086FB6E /* WeatherRow.swift in Sources */ = {isa = PBXBuildFile; fileRef = 887FE5342BDFDE5E0086FB6E /* WeatherRow.swift */; };
		887FE5372BDFDE6D0086FB6E /* Extensions.swift in Sources */ = {isa = PBXBuildFile; fileRef = 887FE5362BDFDE6D0086FB6E /* Extensions.swift */; };
		887FE5432BDFE03B0086FB6E /* Responses.swift in Sources */ = {isa = PBXBuildFile; fileRef = 887FE5422BDFE03B0086FB6E /* Responses.swift */; };
/* End PBXBuildFile section */

/* Begin PBXContainerItemProxy section */
		887FE50D2BDFDBAA0086FB6E /* PBXContainerItemProxy */ = {
			isa = PBXContainerItemProxy;
			containerPortal = 887FE4F42BDFDBA80086FB6E /* Project object */;
			proxyType = 1;
			remoteGlobalIDString = 887FE4FB2BDFDBA80086FB6E;
			remoteInfo = Weatherly;
		};
		887FE5172BDFDBAA0086FB6E /* PBXContainerItemProxy */ = {
			isa = PBXContainerItemProxy;
			containerPortal = 887FE4F42BDFDBA80086FB6E /* Project object */;
			proxyType = 1;
			remoteGlobalIDString = 887FE4FB2BDFDBA80086FB6E;
			remoteInfo = Weatherly;
		};
/* End PBXContainerItemProxy section */

/* Begin PBXFileReference section */
		0119CCFB2BE7557B00858CB2 /* partly_cloudy.scn */ = {isa = PBXFileReference; lastKnownFileType = file.bplist; path = partly_cloudy.scn; sourceTree = "<group>"; };
		0119CCFC2BE7557B00858CB2 /* snowfall.scn */ = {isa = PBXFileReference; lastKnownFileType = file.bplist; path = snowfall.scn; sourceTree = "<group>"; };
		0119CCFD2BE7557B00858CB2 /* night_snowfall.scn */ = {isa = PBXFileReference; lastKnownFileType = file.bplist; path = night_snowfall.scn; sourceTree = "<group>"; };
		0119CCFE2BE7557B00858CB2 /* snowflake.scn */ = {isa = PBXFileReference; lastKnownFileType = file.bplist; path = snowflake.scn; sourceTree = "<group>"; };
		0119CCFF2BE7557B00858CB2 /* thunderstorm.scn */ = {isa = PBXFileReference; lastKnownFileType = file.bplist; path = thunderstorm.scn; sourceTree = "<group>"; };
		0119CD002BE7557B00858CB2 /* light_thunderstorm.scn */ = {isa = PBXFileReference; lastKnownFileType = file.bplist; path = light_thunderstorm.scn; sourceTree = "<group>"; };
		0119CD012BE7557B00858CB2 /* big_thunderstorm_with_hail.scn */ = {isa = PBXFileReference; lastKnownFileType = file.bplist; path = big_thunderstorm_with_hail.scn; sourceTree = "<group>"; };
		0119CD022BE7557B00858CB2 /* cloudy_fog.scn */ = {isa = PBXFileReference; lastKnownFileType = file.bplist; path = cloudy_fog.scn; sourceTree = "<group>"; };
		0119CD032BE7557B00858CB2 /* cloudy_night.scn */ = {isa = PBXFileReference; lastKnownFileType = file.bplist; path = cloudy_night.scn; sourceTree = "<group>"; };
		0119CD042BE7557B00858CB2 /* heavy_snow.scn */ = {isa = PBXFileReference; lastKnownFileType = file.bplist; path = heavy_snow.scn; sourceTree = "<group>"; };
		0119CD052BE7557B00858CB2 /* light_rain.scn */ = {isa = PBXFileReference; lastKnownFileType = file.bplist; path = light_rain.scn; sourceTree = "<group>"; };
		0119CD062BE7557B00858CB2 /* thunder_cloud.scn */ = {isa = PBXFileReference; lastKnownFileType = file.bplist; path = thunder_cloud.scn; sourceTree = "<group>"; };
		0119CD072BE7557B00858CB2 /* sunny.scn */ = {isa = PBXFileReference; lastKnownFileType = file.bplist; path = sunny.scn; sourceTree = "<group>"; };
		0119CD082BE7557B00858CB2 /* cloudy.scn */ = {isa = PBXFileReference; lastKnownFileType = file.bplist; path = cloudy.scn; sourceTree = "<group>"; };
		0119CD092BE7557B00858CB2 /* solo_snow.scn */ = {isa = PBXFileReference; lastKnownFileType = file.bplist; path = solo_snow.scn; sourceTree = "<group>"; };
		0119CD0A2BE7557B00858CB2 /* clear_moon.scn */ = {isa = PBXFileReference; lastKnownFileType = file.bplist; path = clear_moon.scn; sourceTree = "<group>"; };
		0119CD0B2BE7557B00858CB2 /* angry_rain.scn */ = {isa = PBXFileReference; lastKnownFileType = file.bplist; path = angry_rain.scn; sourceTree = "<group>"; };
		0119CD0C2BE7557B00858CB2 /* thunderstorm_with_hail.scn */ = {isa = PBXFileReference; lastKnownFileType = file.bplist; path = thunderstorm_with_hail.scn; sourceTree = "<group>"; };
		0119CD0D2BE7557B00858CB2 /* heavy_rain.scn */ = {isa = PBXFileReference; lastKnownFileType = file.bplist; path = heavy_rain.scn; sourceTree = "<group>"; };
		883BCC172BE665C60057D831 /* City.swift */ = {isa = PBXFileReference; lastKnownFileType = sourcecode.swift; path = City.swift; sourceTree = "<group>"; };
		883BCC1D2BE66E540057D831 /* AppViewBar.swift */ = {isa = PBXFileReference; lastKnownFileType = sourcecode.swift; path = AppViewBar.swift; sourceTree = "<group>"; };
		883BCC1F2BE66F150057D831 /* CurrentView.swift */ = {isa = PBXFileReference; lastKnownFileType = sourcecode.swift; path = CurrentView.swift; sourceTree = "<group>"; };
		883BCC212BE66F260057D831 /* TodayView.swift */ = {isa = PBXFileReference; lastKnownFileType = sourcecode.swift; path = TodayView.swift; sourceTree = "<group>"; };
		883BCC232BE66F310057D831 /* WeeklyView.swift */ = {isa = PBXFileReference; lastKnownFileType = sourcecode.swift; path = WeeklyView.swift; sourceTree = "<group>"; };
		883BCC252BE66F930057D831 /* SplashScreenView.swift */ = {isa = PBXFileReference; lastKnownFileType = sourcecode.swift; path = SplashScreenView.swift; sourceTree = "<group>"; };
		883BCC282BE66FDC0057D831 /* LoadingUIViewRepresentable.swift */ = {isa = PBXFileReference; lastKnownFileType = sourcecode.swift; path = LoadingUIViewRepresentable.swift; sourceTree = "<group>"; };
		883BCC2F2BE674620057D831 /* onecall-sydney.json */ = {isa = PBXFileReference; lastKnownFileType = text.json; path = "onecall-sydney.json"; sourceTree = "<group>"; };
		883BCC302BE674620057D831 /* weather.json */ = {isa = PBXFileReference; lastKnownFileType = text.json; path = weather.json; sourceTree = "<group>"; };
		883BCC3A2BE67CD90057D831 /* CurrentInfoDash.swift */ = {isa = PBXFileReference; lastKnownFileType = sourcecode.swift; path = CurrentInfoDash.swift; sourceTree = "<group>"; };
		883BCC3C2BE67D0B0057D831 /* FetchAPI.swift */ = {isa = PBXFileReference; lastKnownFileType = sourcecode.swift; path = FetchAPI.swift; sourceTree = "<group>"; };
		885015382BEA500D00DC1CE4 /* LoadingView.swift */ = {isa = PBXFileReference; fileEncoding = 4; lastKnownFileType = sourcecode.swift; name = LoadingView.swift; path = ../LoadingView.swift; sourceTree = "<group>"; };
		8850153A2BEA501300DC1CE4 /* WelcomeView.swift */ = {isa = PBXFileReference; fileEncoding = 4; lastKnownFileType = sourcecode.swift; name = WelcomeView.swift; path = ../WelcomeView.swift; sourceTree = "<group>"; };
		8850153B2BEA501300DC1CE4 /* LocationView.swift */ = {isa = PBXFileReference; fileEncoding = 4; lastKnownFileType = sourcecode.swift; name = LocationView.swift; path = ../LocationView.swift; sourceTree = "<group>"; };
		8850153C2BEA501300DC1CE4 /* WeatherView.swift */ = {isa = PBXFileReference; fileEncoding = 4; lastKnownFileType = sourcecode.swift; name = WeatherView.swift; path = ../WeatherView.swift; sourceTree = "<group>"; };
		885802EA2BE74ECE00B360FA /* WeeklyChart.swift */ = {isa = PBXFileReference; lastKnownFileType = sourcecode.swift; path = WeeklyChart.swift; sourceTree = "<group>"; };
		885802EC2BE74EF000B360FA /* TodayChart.swift */ = {isa = PBXFileReference; lastKnownFileType = sourcecode.swift; path = TodayChart.swift; sourceTree = "<group>"; };
		885802EE2BE74F8D00B360FA /* MiniSceneView.swift */ = {isa = PBXFileReference; lastKnownFileType = sourcecode.swift; path = MiniSceneView.swift; sourceTree = "<group>"; };
		885802F22BE753FC00B360FA /* WeeklyView.swift */ = {isa = PBXFileReference; fileEncoding = 4; lastKnownFileType = sourcecode.swift; path = WeeklyView.swift; sourceTree = "<group>"; };
		885802F32BE753FC00B360FA /* CurrentView.swift */ = {isa = PBXFileReference; fileEncoding = 4; lastKnownFileType = sourcecode.swift; path = CurrentView.swift; sourceTree = "<group>"; };
		885802F42BE753FC00B360FA /* LocationView.swift */ = {isa = PBXFileReference; fileEncoding = 4; lastKnownFileType = sourcecode.swift; path = LocationView.swift; sourceTree = "<group>"; };
		885802F52BE753FC00B360FA /* TodayView.swift */ = {isa = PBXFileReference; fileEncoding = 4; lastKnownFileType = sourcecode.swift; path = TodayView.swift; sourceTree = "<group>"; };
		885802F62BE753FC00B360FA /* WeatherView.swift */ = {isa = PBXFileReference; fileEncoding = 4; lastKnownFileType = sourcecode.swift; path = WeatherView.swift; sourceTree = "<group>"; };
		885802F72BE753FC00B360FA /* WelcomeView.swift */ = {isa = PBXFileReference; fileEncoding = 4; lastKnownFileType = sourcecode.swift; path = WelcomeView.swift; sourceTree = "<group>"; };
		885802F82BE753FC00B360FA /* ContentView.swift */ = {isa = PBXFileReference; fileEncoding = 4; lastKnownFileType = sourcecode.swift; path = ContentView.swift; sourceTree = "<group>"; };
		885802FA2BE753FC00B360FA /* AppViewBar.swift */ = {isa = PBXFileReference; fileEncoding = 4; lastKnownFileType = sourcecode.swift; path = AppViewBar.swift; sourceTree = "<group>"; };
		885802FB2BE753FC00B360FA /* LoadingView.swift */ = {isa = PBXFileReference; fileEncoding = 4; lastKnownFileType = sourcecode.swift; path = LoadingView.swift; sourceTree = "<group>"; };
		885803062BEA25F600B360FA /* partly_cloudy.scn */ = {isa = PBXFileReference; lastKnownFileType = file.bplist; path = partly_cloudy.scn; sourceTree = "<group>"; };
		885803072BEA25F600B360FA /* snowfall.scn */ = {isa = PBXFileReference; lastKnownFileType = file.bplist; path = snowfall.scn; sourceTree = "<group>"; };
		885803082BEA25F600B360FA /* night_snowfall.scn */ = {isa = PBXFileReference; lastKnownFileType = file.bplist; path = night_snowfall.scn; sourceTree = "<group>"; };
		885803092BEA25F600B360FA /* snowflake.scn */ = {isa = PBXFileReference; lastKnownFileType = file.bplist; path = snowflake.scn; sourceTree = "<group>"; };
		8858030A2BEA25F600B360FA /* thunderstorm.scn */ = {isa = PBXFileReference; lastKnownFileType = file.bplist; path = thunderstorm.scn; sourceTree = "<group>"; };
		8858030B2BEA25F600B360FA /* light_thunderstorm.scn */ = {isa = PBXFileReference; lastKnownFileType = file.bplist; path = light_thunderstorm.scn; sourceTree = "<group>"; };
		8858030C2BEA25F600B360FA /* big_thunderstorm_with_hail.scn */ = {isa = PBXFileReference; lastKnownFileType = file.bplist; path = big_thunderstorm_with_hail.scn; sourceTree = "<group>"; };
		8858030D2BEA25F600B360FA /* cloudy_fog.scn */ = {isa = PBXFileReference; lastKnownFileType = file.bplist; path = cloudy_fog.scn; sourceTree = "<group>"; };
		8858030E2BEA25F600B360FA /* cloudy_night.scn */ = {isa = PBXFileReference; lastKnownFileType = file.bplist; path = cloudy_night.scn; sourceTree = "<group>"; };
		8858030F2BEA25F600B360FA /* heavy_snow.scn */ = {isa = PBXFileReference; lastKnownFileType = file.bplist; path = heavy_snow.scn; sourceTree = "<group>"; };
		885803102BEA25F600B360FA /* light_rain.scn */ = {isa = PBXFileReference; lastKnownFileType = file.bplist; path = light_rain.scn; sourceTree = "<group>"; };
		885803112BEA25F600B360FA /* thunder_cloud.scn */ = {isa = PBXFileReference; lastKnownFileType = file.bplist; path = thunder_cloud.scn; sourceTree = "<group>"; };
		885803122BEA25F600B360FA /* sunny.scn */ = {isa = PBXFileReference; lastKnownFileType = file.bplist; path = sunny.scn; sourceTree = "<group>"; };
		885803132BEA25F600B360FA /* cloudy.scn */ = {isa = PBXFileReference; lastKnownFileType = file.bplist; path = cloudy.scn; sourceTree = "<group>"; };
		885803142BEA25F600B360FA /* solo_snow.scn */ = {isa = PBXFileReference; lastKnownFileType = file.bplist; path = solo_snow.scn; sourceTree = "<group>"; };
		885803152BEA25F600B360FA /* clear_moon.scn */ = {isa = PBXFileReference; lastKnownFileType = file.bplist; path = clear_moon.scn; sourceTree = "<group>"; };
		885803162BEA25F600B360FA /* angry_rain.scn */ = {isa = PBXFileReference; lastKnownFileType = file.bplist; path = angry_rain.scn; sourceTree = "<group>"; };
		885803172BEA25F600B360FA /* thunderstorm_with_hail.scn */ = {isa = PBXFileReference; lastKnownFileType = file.bplist; path = thunderstorm_with_hail.scn; sourceTree = "<group>"; };
		885803182BEA25F600B360FA /* heavy_rain.scn */ = {isa = PBXFileReference; lastKnownFileType = file.bplist; path = heavy_rain.scn; sourceTree = "<group>"; };
		887FE4FC2BDFDBA80086FB6E /* Weatherly.app */ = {isa = PBXFileReference; explicitFileType = wrapper.application; includeInIndex = 0; path = Weatherly.app; sourceTree = BUILT_PRODUCTS_DIR; };
		887FE4FF2BDFDBA80086FB6E /* WeatherlyApp.swift */ = {isa = PBXFileReference; lastKnownFileType = sourcecode.swift; path = WeatherlyApp.swift; sourceTree = "<group>"; };
		887FE5012BDFDBA80086FB6E /* ContentView.swift */ = {isa = PBXFileReference; lastKnownFileType = sourcecode.swift; path = ContentView.swift; sourceTree = "<group>"; };
		887FE5032BDFDBAA0086FB6E /* Assets.xcassets */ = {isa = PBXFileReference; lastKnownFileType = folder.assetcatalog; path = Assets.xcassets; sourceTree = "<group>"; };
		887FE5062BDFDBAA0086FB6E /* Preview Assets.xcassets */ = {isa = PBXFileReference; lastKnownFileType = folder.assetcatalog; path = "Preview Assets.xcassets"; sourceTree = "<group>"; };
		887FE50C2BDFDBAA0086FB6E /* WeatherlyTests.xctest */ = {isa = PBXFileReference; explicitFileType = wrapper.cfbundle; includeInIndex = 0; path = WeatherlyTests.xctest; sourceTree = BUILT_PRODUCTS_DIR; };
		887FE5102BDFDBAA0086FB6E /* WeatherlyTests.swift */ = {isa = PBXFileReference; lastKnownFileType = sourcecode.swift; path = WeatherlyTests.swift; sourceTree = "<group>"; };
		887FE5162BDFDBAA0086FB6E /* WeatherlyUITests.xctest */ = {isa = PBXFileReference; explicitFileType = wrapper.cfbundle; includeInIndex = 0; path = WeatherlyUITests.xctest; sourceTree = BUILT_PRODUCTS_DIR; };
		887FE51A2BDFDBAA0086FB6E /* WeatherlyUITests.swift */ = {isa = PBXFileReference; lastKnownFileType = sourcecode.swift; path = WeatherlyUITests.swift; sourceTree = "<group>"; };
		887FE51C2BDFDBAA0086FB6E /* WeatherlyUITestsLaunchTests.swift */ = {isa = PBXFileReference; lastKnownFileType = sourcecode.swift; path = WeatherlyUITestsLaunchTests.swift; sourceTree = "<group>"; };
		887FE52E2BDFDE1D0086FB6E /* LocationManager.swift */ = {isa = PBXFileReference; lastKnownFileType = sourcecode.swift; path = LocationManager.swift; sourceTree = "<group>"; };
		887FE5302BDFDE330086FB6E /* WeatherManager.swift */ = {isa = PBXFileReference; lastKnownFileType = sourcecode.swift; path = WeatherManager.swift; sourceTree = "<group>"; };
		887FE5322BDFDE460086FB6E /* ModelData.swift */ = {isa = PBXFileReference; lastKnownFileType = sourcecode.swift; path = ModelData.swift; sourceTree = "<group>"; };
		887FE5342BDFDE5E0086FB6E /* WeatherRow.swift */ = {isa = PBXFileReference; lastKnownFileType = sourcecode.swift; path = WeatherRow.swift; sourceTree = "<group>"; };
		887FE5362BDFDE6D0086FB6E /* Extensions.swift */ = {isa = PBXFileReference; lastKnownFileType = sourcecode.swift; path = Extensions.swift; sourceTree = "<group>"; };
		887FE5422BDFE03B0086FB6E /* Responses.swift */ = {isa = PBXFileReference; lastKnownFileType = sourcecode.swift; path = Responses.swift; sourceTree = "<group>"; };
/* End PBXFileReference section */

/* Begin PBXFrameworksBuildPhase section */
		887FE4F92BDFDBA80086FB6E /* Frameworks */ = {
			isa = PBXFrameworksBuildPhase;
			buildActionMask = 2147483647;
			files = (
			);
			runOnlyForDeploymentPostprocessing = 0;
		};
		887FE5092BDFDBAA0086FB6E /* Frameworks */ = {
			isa = PBXFrameworksBuildPhase;
			buildActionMask = 2147483647;
			files = (
			);
			runOnlyForDeploymentPostprocessing = 0;
		};
		887FE5132BDFDBAA0086FB6E /* Frameworks */ = {
			isa = PBXFrameworksBuildPhase;
			buildActionMask = 2147483647;
			files = (
			);
			runOnlyForDeploymentPostprocessing = 0;
		};
/* End PBXFrameworksBuildPhase section */

/* Begin PBXGroup section */
		0119CCFA2BE7557B00858CB2 /* 3D_Objects */ = {
			isa = PBXGroup;
			children = (
				0119CCFB2BE7557B00858CB2 /* partly_cloudy.scn */,
				0119CCFC2BE7557B00858CB2 /* snowfall.scn */,
				0119CCFD2BE7557B00858CB2 /* night_snowfall.scn */,
				0119CCFE2BE7557B00858CB2 /* snowflake.scn */,
				0119CCFF2BE7557B00858CB2 /* thunderstorm.scn */,
				0119CD002BE7557B00858CB2 /* light_thunderstorm.scn */,
				0119CD012BE7557B00858CB2 /* big_thunderstorm_with_hail.scn */,
				0119CD022BE7557B00858CB2 /* cloudy_fog.scn */,
				0119CD032BE7557B00858CB2 /* cloudy_night.scn */,
				0119CD042BE7557B00858CB2 /* heavy_snow.scn */,
				0119CD052BE7557B00858CB2 /* light_rain.scn */,
				0119CD062BE7557B00858CB2 /* thunder_cloud.scn */,
				0119CD072BE7557B00858CB2 /* sunny.scn */,
				0119CD082BE7557B00858CB2 /* cloudy.scn */,
				0119CD092BE7557B00858CB2 /* solo_snow.scn */,
				0119CD0A2BE7557B00858CB2 /* clear_moon.scn */,
				0119CD0B2BE7557B00858CB2 /* angry_rain.scn */,
				0119CD0C2BE7557B00858CB2 /* thunderstorm_with_hail.scn */,
				0119CD0D2BE7557B00858CB2 /* heavy_rain.scn */,
			);
			path = 3D_Objects;
			sourceTree = "<group>";
		};
		883BCC1B2BE66E370057D831 /* Tabs */ = {
			isa = PBXGroup;
			children = (
				883BCC1F2BE66F150057D831 /* CurrentView.swift */,
				883BCC212BE66F260057D831 /* TodayView.swift */,
				883BCC232BE66F310057D831 /* WeeklyView.swift */,
			);
			path = Tabs;
			sourceTree = "<group>";
		};
		883BCC1C2BE66E3D0057D831 /* Partials */ = {
			isa = PBXGroup;
			children = (
				883BCC1D2BE66E540057D831 /* AppViewBar.swift */,
			);
			path = Partials;
			sourceTree = "<group>";
		};
		883BCC272BE66FD00057D831 /* UIKit */ = {
			isa = PBXGroup;
			children = (
				883BCC282BE66FDC0057D831 /* LoadingUIViewRepresentable.swift */,
				885802EE2BE74F8D00B360FA /* MiniSceneView.swift */,
			);
			path = UIKit;
			sourceTree = "<group>";
		};
		883BCC2E2BE674570057D831 /* Data */ = {
			isa = PBXGroup;
			children = (
				883BCC302BE674620057D831 /* weather.json */,
				883BCC2F2BE674620057D831 /* onecall-sydney.json */,
			);
			path = Data;
			sourceTree = "<group>";
		};
		883BCC392BE67CBE0057D831 /* Widgets */ = {
			isa = PBXGroup;
			children = (
				883BCC3A2BE67CD90057D831 /* CurrentInfoDash.swift */,
				885802EA2BE74ECE00B360FA /* WeeklyChart.swift */,
				885802EC2BE74EF000B360FA /* TodayChart.swift */,
			);
			path = Widgets;
			sourceTree = "<group>";
		};
		885015372BEA4F8400DC1CE4 /* OLDView */ = {
			isa = PBXGroup;
			children = (
				8850153B2BEA501300DC1CE4 /* LocationView.swift */,
				8850153C2BEA501300DC1CE4 /* WeatherView.swift */,
				8850153A2BEA501300DC1CE4 /* WelcomeView.swift */,
				885015382BEA500D00DC1CE4 /* LoadingView.swift */,
			);
			name = OLDView;
			path = ../../../../../../../.Trash/OLDView;
			sourceTree = "<group>";
		};
		885802F02BE753FC00B360FA /* View */ = {
			isa = PBXGroup;
			children = (
				885802F12BE753FC00B360FA /* Tabs */,
				885802F62BE753FC00B360FA /* WeatherView.swift */,
				885802F72BE753FC00B360FA /* WelcomeView.swift */,
				885802F82BE753FC00B360FA /* ContentView.swift */,
				885802F92BE753FC00B360FA /* Partials */,
				885802FB2BE753FC00B360FA /* LoadingView.swift */,
			);
			name = View;
			sourceTree = "<group>";
		};
		885802F12BE753FC00B360FA /* Tabs */ = {
			isa = PBXGroup;
			children = (
				885802F22BE753FC00B360FA /* WeeklyView.swift */,
				885802F32BE753FC00B360FA /* CurrentView.swift */,
				885802F42BE753FC00B360FA /* LocationView.swift */,
				885802F52BE753FC00B360FA /* TodayView.swift */,
			);
			path = Tabs;
			sourceTree = "<group>";
		};
		885802F92BE753FC00B360FA /* Partials */ = {
			isa = PBXGroup;
			children = (
				885802FA2BE753FC00B360FA /* AppViewBar.swift */,
			);
			path = Partials;
			sourceTree = "<group>";
		};
		885803052BEA25F600B360FA /* 3D_Objects */ = {
			isa = PBXGroup;
			children = (
				885803062BEA25F600B360FA /* partly_cloudy.scn */,
				885803072BEA25F600B360FA /* snowfall.scn */,
				885803082BEA25F600B360FA /* night_snowfall.scn */,
				885803092BEA25F600B360FA /* snowflake.scn */,
				8858030A2BEA25F600B360FA /* thunderstorm.scn */,
				8858030B2BEA25F600B360FA /* light_thunderstorm.scn */,
				8858030C2BEA25F600B360FA /* big_thunderstorm_with_hail.scn */,
				8858030D2BEA25F600B360FA /* cloudy_fog.scn */,
				8858030E2BEA25F600B360FA /* cloudy_night.scn */,
				8858030F2BEA25F600B360FA /* heavy_snow.scn */,
				885803102BEA25F600B360FA /* light_rain.scn */,
				885803112BEA25F600B360FA /* thunder_cloud.scn */,
				885803122BEA25F600B360FA /* sunny.scn */,
				885803132BEA25F600B360FA /* cloudy.scn */,
				885803142BEA25F600B360FA /* solo_snow.scn */,
				885803152BEA25F600B360FA /* clear_moon.scn */,
				885803162BEA25F600B360FA /* angry_rain.scn */,
				885803172BEA25F600B360FA /* thunderstorm_with_hail.scn */,
				885803182BEA25F600B360FA /* heavy_rain.scn */,
			);
			name = 3D_Objects;
			path = "../../../../../../Downloads/WeatherAppSwiftUI-main/weatherfinal_proj/weatherfinal_proj/3D_Objects";
			sourceTree = "<group>";
		};
		887FE4F32BDFDBA80086FB6E = {
			isa = PBXGroup;
			children = (
				887FE4FE2BDFDBA80086FB6E /* Weatherly */,
				887FE50F2BDFDBAA0086FB6E /* WeatherlyTests */,
				887FE5192BDFDBAA0086FB6E /* WeatherlyUITests */,
				887FE4FD2BDFDBA80086FB6E /* Products */,
			);
			sourceTree = "<group>";
		};
		887FE4FD2BDFDBA80086FB6E /* Products */ = {
			isa = PBXGroup;
			children = (
				887FE4FC2BDFDBA80086FB6E /* Weatherly.app */,
				887FE50C2BDFDBAA0086FB6E /* WeatherlyTests.xctest */,
				887FE5162BDFDBAA0086FB6E /* WeatherlyUITests.xctest */,
			);
			name = Products;
			sourceTree = "<group>";
		};
		887FE4FE2BDFDBA80086FB6E /* Weatherly */ = {
			isa = PBXGroup;
			children = (
				0119CCFA2BE7557B00858CB2 /* 3D_Objects */,
				883BCC392BE67CBE0057D831 /* Widgets */,
				883BCC2E2BE674570057D831 /* Data */,
				883BCC272BE66FD00057D831 /* UIKit */,
				887FE52D2BDFDE060086FB6E /* Utils */,
				887FE52C2BDFDDFA0086FB6E /* Model */,
				887FE52B2BDFDDF00086FB6E /* Managers */,
				887FE52A2BDFDDE70086FB6E /* View */,
				887FE5292BDFDDD80086FB6E /* ModelData */,
				887FE4FF2BDFDBA80086FB6E /* WeatherlyApp.swift */,
				887FE5032BDFDBAA0086FB6E /* Assets.xcassets */,
				887FE5052BDFDBAA0086FB6E /* Preview Content */,
				883BCC252BE66F930057D831 /* SplashScreenView.swift */,
			);
			path = Weatherly;
			sourceTree = "<group>";
		};
		887FE5052BDFDBAA0086FB6E /* Preview Content */ = {
			isa = PBXGroup;
			children = (
				887FE5062BDFDBAA0086FB6E /* Preview Assets.xcassets */,
			);
			path = "Preview Content";
			sourceTree = "<group>";
		};
		887FE50F2BDFDBAA0086FB6E /* WeatherlyTests */ = {
			isa = PBXGroup;
			children = (
				887FE5102BDFDBAA0086FB6E /* WeatherlyTests.swift */,
			);
			path = WeatherlyTests;
			sourceTree = "<group>";
		};
		887FE5192BDFDBAA0086FB6E /* WeatherlyUITests */ = {
			isa = PBXGroup;
			children = (
				887FE51A2BDFDBAA0086FB6E /* WeatherlyUITests.swift */,
				887FE51C2BDFDBAA0086FB6E /* WeatherlyUITestsLaunchTests.swift */,
			);
			path = WeatherlyUITests;
			sourceTree = "<group>";
		};
		887FE5292BDFDDD80086FB6E /* ModelData */ = {
			isa = PBXGroup;
			children = (
				887FE5342BDFDE5E0086FB6E /* WeatherRow.swift */,
			);
			path = ModelData;
			sourceTree = "<group>";
		};
		887FE52A2BDFDDE70086FB6E /* View */ = {
			isa = PBXGroup;
			children = (
				885015372BEA4F8400DC1CE4 /* OLDView */,
				883BCC1C2BE66E3D0057D831 /* Partials */,
				883BCC1B2BE66E370057D831 /* Tabs */,
				887FE5012BDFDBA80086FB6E /* ContentView.swift */,
				885802F02BE753FC00B360FA /* View */,
			);
			path = View;
			sourceTree = "<group>";
		};
		887FE52B2BDFDDF00086FB6E /* Managers */ = {
			isa = PBXGroup;
			children = (
				887FE52E2BDFDE1D0086FB6E /* LocationManager.swift */,
				887FE5302BDFDE330086FB6E /* WeatherManager.swift */,
			);
			path = Managers;
			sourceTree = "<group>";
		};
		887FE52C2BDFDDFA0086FB6E /* Model */ = {
			isa = PBXGroup;
			children = (
				887FE5322BDFDE460086FB6E /* ModelData.swift */,
			);
			path = Model;
			sourceTree = "<group>";
		};
		887FE52D2BDFDE060086FB6E /* Utils */ = {
			isa = PBXGroup;
			children = (
				887FE5362BDFDE6D0086FB6E /* Extensions.swift */,
				887FE5422BDFE03B0086FB6E /* Responses.swift */,
				883BCC172BE665C60057D831 /* City.swift */,
				883BCC3C2BE67D0B0057D831 /* FetchAPI.swift */,
			);
			path = Utils;
			sourceTree = "<group>";
		};
/* End PBXGroup section */

/* Begin PBXNativeTarget section */
		887FE4FB2BDFDBA80086FB6E /* Weatherly */ = {
			isa = PBXNativeTarget;
			buildConfigurationList = 887FE5202BDFDBAA0086FB6E /* Build configuration list for PBXNativeTarget "Weatherly" */;
			buildPhases = (
				887FE4F82BDFDBA80086FB6E /* Sources */,
				887FE4F92BDFDBA80086FB6E /* Frameworks */,
				887FE4FA2BDFDBA80086FB6E /* Resources */,
			);
			buildRules = (
			);
			dependencies = (
			);
			name = Weatherly;
			productName = Weatherly;
			productReference = 887FE4FC2BDFDBA80086FB6E /* Weatherly.app */;
			productType = "com.apple.product-type.application";
		};
		887FE50B2BDFDBAA0086FB6E /* WeatherlyTests */ = {
			isa = PBXNativeTarget;
			buildConfigurationList = 887FE5232BDFDBAA0086FB6E /* Build configuration list for PBXNativeTarget "WeatherlyTests" */;
			buildPhases = (
				887FE5082BDFDBAA0086FB6E /* Sources */,
				887FE5092BDFDBAA0086FB6E /* Frameworks */,
				887FE50A2BDFDBAA0086FB6E /* Resources */,
			);
			buildRules = (
			);
			dependencies = (
				887FE50E2BDFDBAA0086FB6E /* PBXTargetDependency */,
			);
			name = WeatherlyTests;
			productName = WeatherlyTests;
			productReference = 887FE50C2BDFDBAA0086FB6E /* WeatherlyTests.xctest */;
			productType = "com.apple.product-type.bundle.unit-test";
		};
		887FE5152BDFDBAA0086FB6E /* WeatherlyUITests */ = {
			isa = PBXNativeTarget;
			buildConfigurationList = 887FE5262BDFDBAA0086FB6E /* Build configuration list for PBXNativeTarget "WeatherlyUITests" */;
			buildPhases = (
				887FE5122BDFDBAA0086FB6E /* Sources */,
				887FE5132BDFDBAA0086FB6E /* Frameworks */,
				887FE5142BDFDBAA0086FB6E /* Resources */,
			);
			buildRules = (
			);
			dependencies = (
				887FE5182BDFDBAA0086FB6E /* PBXTargetDependency */,
			);
			name = WeatherlyUITests;
			productName = WeatherlyUITests;
			productReference = 887FE5162BDFDBAA0086FB6E /* WeatherlyUITests.xctest */;
			productType = "com.apple.product-type.bundle.ui-testing";
		};
/* End PBXNativeTarget section */

/* Begin PBXProject section */
		887FE4F42BDFDBA80086FB6E /* Project object */ = {
			isa = PBXProject;
			attributes = {
				BuildIndependentTargetsInParallel = 1;
				LastSwiftUpdateCheck = 1520;
				LastUpgradeCheck = 1520;
				TargetAttributes = {
					887FE4FB2BDFDBA80086FB6E = {
						CreatedOnToolsVersion = 15.2;
					};
					887FE50B2BDFDBAA0086FB6E = {
						CreatedOnToolsVersion = 15.2;
						TestTargetID = 887FE4FB2BDFDBA80086FB6E;
					};
					887FE5152BDFDBAA0086FB6E = {
						CreatedOnToolsVersion = 15.2;
						TestTargetID = 887FE4FB2BDFDBA80086FB6E;
					};
				};
			};
			buildConfigurationList = 887FE4F72BDFDBA80086FB6E /* Build configuration list for PBXProject "Weatherly" */;
			compatibilityVersion = "Xcode 14.0";
			developmentRegion = en;
			hasScannedForEncodings = 0;
			knownRegions = (
				en,
				Base,
			);
			mainGroup = 887FE4F32BDFDBA80086FB6E;
			productRefGroup = 887FE4FD2BDFDBA80086FB6E /* Products */;
			projectDirPath = "";
			projectRoot = "";
			targets = (
				887FE4FB2BDFDBA80086FB6E /* Weatherly */,
				887FE50B2BDFDBAA0086FB6E /* WeatherlyTests */,
				887FE5152BDFDBAA0086FB6E /* WeatherlyUITests */,
			);
		};
/* End PBXProject section */

/* Begin PBXResourcesBuildPhase section */
		887FE4FA2BDFDBA80086FB6E /* Resources */ = {
			isa = PBXResourcesBuildPhase;
			buildActionMask = 2147483647;
			files = (
				0119CD0F2BE7557B00858CB2 /* snowfall.scn in Resources */,
				0119CD0E2BE7557B00858CB2 /* partly_cloudy.scn in Resources */,
				0119CD1E2BE7557B00858CB2 /* angry_rain.scn in Resources */,
				0119CD202BE7557B00858CB2 /* heavy_rain.scn in Resources */,
				0119CD102BE7557B00858CB2 /* night_snowfall.scn in Resources */,
				887FE5072BDFDBAA0086FB6E /* Preview Assets.xcassets in Resources */,
				0119CD122BE7557B00858CB2 /* thunderstorm.scn in Resources */,
				887FE5042BDFDBAA0086FB6E /* Assets.xcassets in Resources */,
				0119CD142BE7557B00858CB2 /* big_thunderstorm_with_hail.scn in Resources */,
				0119CD182BE7557B00858CB2 /* light_rain.scn in Resources */,
				0119CD172BE7557B00858CB2 /* heavy_snow.scn in Resources */,
				0119CD1D2BE7557B00858CB2 /* clear_moon.scn in Resources */,
				0119CD162BE7557B00858CB2 /* cloudy_night.scn in Resources */,
				0119CD152BE7557B00858CB2 /* cloudy_fog.scn in Resources */,
				0119CD132BE7557B00858CB2 /* light_thunderstorm.scn in Resources */,
				0119CD1B2BE7557B00858CB2 /* cloudy.scn in Resources */,
				0119CD112BE7557B00858CB2 /* snowflake.scn in Resources */,
				0119CD1C2BE7557B00858CB2 /* solo_snow.scn in Resources */,
				0119CD1A2BE7557B00858CB2 /* sunny.scn in Resources */,
				0119CD192BE7557B00858CB2 /* thunder_cloud.scn in Resources */,
				0119CD1F2BE7557B00858CB2 /* thunderstorm_with_hail.scn in Resources */,
			);
			runOnlyForDeploymentPostprocessing = 0;
		};
		887FE50A2BDFDBAA0086FB6E /* Resources */ = {
			isa = PBXResourcesBuildPhase;
			buildActionMask = 2147483647;
			files = (
			);
			runOnlyForDeploymentPostprocessing = 0;
		};
		887FE5142BDFDBAA0086FB6E /* Resources */ = {
			isa = PBXResourcesBuildPhase;
			buildActionMask = 2147483647;
			files = (
			);
			runOnlyForDeploymentPostprocessing = 0;
		};
/* End PBXResourcesBuildPhase section */

/* Begin PBXSourcesBuildPhase section */
		887FE4F82BDFDBA80086FB6E /* Sources */ = {
			isa = PBXSourcesBuildPhase;
			buildActionMask = 2147483647;
			files = (
				883BCC3D2BE67D0B0057D831 /* FetchAPI.swift in Sources */,
				883BCC262BE66F930057D831 /* SplashScreenView.swift in Sources */,
				885802FC2BE753FC00B360FA /* WeeklyView.swift in Sources */,
				887FE5022BDFDBA80086FB6E /* ContentView.swift in Sources */,
				887FE5002BDFDBA80086FB6E /* WeatherlyApp.swift in Sources */,
				885802EF2BE74F8D00B360FA /* MiniSceneView.swift in Sources */,
				883BCC182BE665C60057D831 /* City.swift in Sources */,
				887FE5332BDFDE460086FB6E /* ModelData.swift in Sources */,
				887FE5352BDFDE5E0086FB6E /* WeatherRow.swift in Sources */,
				883BCC292BE66FDC0057D831 /* LoadingUIViewRepresentable.swift in Sources */,
				885802FF2BE753FC00B360FA /* TodayView.swift in Sources */,
				885803022BE753FC00B360FA /* ContentView.swift in Sources */,
				885802EB2BE74ECE00B360FA /* WeeklyChart.swift in Sources */,
				883BCC202BE66F150057D831 /* CurrentView.swift in Sources */,
				883BCC242BE66F310057D831 /* WeeklyView.swift in Sources */,
				883BCC3B2BE67CD90057D831 /* CurrentInfoDash.swift in Sources */,
				887FE5312BDFDE330086FB6E /* WeatherManager.swift in Sources */,
				883BCC1E2BE66E540057D831 /* AppViewBar.swift in Sources */,
				885802ED2BE74EF000B360FA /* TodayChart.swift in Sources */,
				887FE52F2BDFDE1D0086FB6E /* LocationManager.swift in Sources */,
				887FE5372BDFDE6D0086FB6E /* Extensions.swift in Sources */,
				885802FD2BE753FC00B360FA /* CurrentView.swift in Sources */,
				883BCC222BE66F260057D831 /* TodayView.swift in Sources */,
				885803032BE753FC00B360FA /* AppViewBar.swift in Sources */,
				887FE5432BDFE03B0086FB6E /* Responses.swift in Sources */,
			);
			runOnlyForDeploymentPostprocessing = 0;
		};
		887FE5082BDFDBAA0086FB6E /* Sources */ = {
			isa = PBXSourcesBuildPhase;
			buildActionMask = 2147483647;
			files = (
				887FE5112BDFDBAA0086FB6E /* WeatherlyTests.swift in Sources */,
			);
			runOnlyForDeploymentPostprocessing = 0;
		};
		887FE5122BDFDBAA0086FB6E /* Sources */ = {
			isa = PBXSourcesBuildPhase;
			buildActionMask = 2147483647;
			files = (
				887FE51D2BDFDBAA0086FB6E /* WeatherlyUITestsLaunchTests.swift in Sources */,
				887FE51B2BDFDBAA0086FB6E /* WeatherlyUITests.swift in Sources */,
			);
			runOnlyForDeploymentPostprocessing = 0;
		};
/* End PBXSourcesBuildPhase section */

/* Begin PBXTargetDependency section */
		887FE50E2BDFDBAA0086FB6E /* PBXTargetDependency */ = {
			isa = PBXTargetDependency;
			target = 887FE4FB2BDFDBA80086FB6E /* Weatherly */;
			targetProxy = 887FE50D2BDFDBAA0086FB6E /* PBXContainerItemProxy */;
		};
		887FE5182BDFDBAA0086FB6E /* PBXTargetDependency */ = {
			isa = PBXTargetDependency;
			target = 887FE4FB2BDFDBA80086FB6E /* Weatherly */;
			targetProxy = 887FE5172BDFDBAA0086FB6E /* PBXContainerItemProxy */;
		};
/* End PBXTargetDependency section */

/* Begin XCBuildConfiguration section */
		887FE51E2BDFDBAA0086FB6E /* Debug */ = {
			isa = XCBuildConfiguration;
			buildSettings = {
				ALWAYS_SEARCH_USER_PATHS = NO;
				ASSETCATALOG_COMPILER_GENERATE_SWIFT_ASSET_SYMBOL_EXTENSIONS = YES;
				CLANG_ANALYZER_NONNULL = YES;
				CLANG_ANALYZER_NUMBER_OBJECT_CONVERSION = YES_AGGRESSIVE;
				CLANG_CXX_LANGUAGE_STANDARD = "gnu++20";
				CLANG_ENABLE_MODULES = YES;
				CLANG_ENABLE_OBJC_ARC = YES;
				CLANG_ENABLE_OBJC_WEAK = YES;
				CLANG_WARN_BLOCK_CAPTURE_AUTORELEASING = YES;
				CLANG_WARN_BOOL_CONVERSION = YES;
				CLANG_WARN_COMMA = YES;
				CLANG_WARN_CONSTANT_CONVERSION = YES;
				CLANG_WARN_DEPRECATED_OBJC_IMPLEMENTATIONS = YES;
				CLANG_WARN_DIRECT_OBJC_ISA_USAGE = YES_ERROR;
				CLANG_WARN_DOCUMENTATION_COMMENTS = YES;
				CLANG_WARN_EMPTY_BODY = YES;
				CLANG_WARN_ENUM_CONVERSION = YES;
				CLANG_WARN_INFINITE_RECURSION = YES;
				CLANG_WARN_INT_CONVERSION = YES;
				CLANG_WARN_NON_LITERAL_NULL_CONVERSION = YES;
				CLANG_WARN_OBJC_IMPLICIT_RETAIN_SELF = YES;
				CLANG_WARN_OBJC_LITERAL_CONVERSION = YES;
				CLANG_WARN_OBJC_ROOT_CLASS = YES_ERROR;
				CLANG_WARN_QUOTED_INCLUDE_IN_FRAMEWORK_HEADER = YES;
				CLANG_WARN_RANGE_LOOP_ANALYSIS = YES;
				CLANG_WARN_STRICT_PROTOTYPES = YES;
				CLANG_WARN_SUSPICIOUS_MOVE = YES;
				CLANG_WARN_UNGUARDED_AVAILABILITY = YES_AGGRESSIVE;
				CLANG_WARN_UNREACHABLE_CODE = YES;
				CLANG_WARN__DUPLICATE_METHOD_MATCH = YES;
				COPY_PHASE_STRIP = NO;
				DEBUG_INFORMATION_FORMAT = dwarf;
				ENABLE_STRICT_OBJC_MSGSEND = YES;
				ENABLE_TESTABILITY = YES;
				ENABLE_USER_SCRIPT_SANDBOXING = YES;
				GCC_C_LANGUAGE_STANDARD = gnu17;
				GCC_DYNAMIC_NO_PIC = NO;
				GCC_NO_COMMON_BLOCKS = YES;
				GCC_OPTIMIZATION_LEVEL = 0;
				GCC_PREPROCESSOR_DEFINITIONS = (
					"DEBUG=1",
					"$(inherited)",
				);
				GCC_WARN_64_TO_32_BIT_CONVERSION = YES;
				GCC_WARN_ABOUT_RETURN_TYPE = YES_ERROR;
				GCC_WARN_UNDECLARED_SELECTOR = YES;
				GCC_WARN_UNINITIALIZED_AUTOS = YES_AGGRESSIVE;
				GCC_WARN_UNUSED_FUNCTION = YES;
				GCC_WARN_UNUSED_VARIABLE = YES;
				IPHONEOS_DEPLOYMENT_TARGET = 17.2;
				LOCALIZATION_PREFERS_STRING_CATALOGS = YES;
				MTL_ENABLE_DEBUG_INFO = INCLUDE_SOURCE;
				MTL_FAST_MATH = YES;
				ONLY_ACTIVE_ARCH = YES;
				SDKROOT = iphoneos;
				SWIFT_ACTIVE_COMPILATION_CONDITIONS = "DEBUG $(inherited)";
				SWIFT_OPTIMIZATION_LEVEL = "-Onone";
			};
			name = Debug;
		};
		887FE51F2BDFDBAA0086FB6E /* Release */ = {
			isa = XCBuildConfiguration;
			buildSettings = {
				ALWAYS_SEARCH_USER_PATHS = NO;
				ASSETCATALOG_COMPILER_GENERATE_SWIFT_ASSET_SYMBOL_EXTENSIONS = YES;
				CLANG_ANALYZER_NONNULL = YES;
				CLANG_ANALYZER_NUMBER_OBJECT_CONVERSION = YES_AGGRESSIVE;
				CLANG_CXX_LANGUAGE_STANDARD = "gnu++20";
				CLANG_ENABLE_MODULES = YES;
				CLANG_ENABLE_OBJC_ARC = YES;
				CLANG_ENABLE_OBJC_WEAK = YES;
				CLANG_WARN_BLOCK_CAPTURE_AUTORELEASING = YES;
				CLANG_WARN_BOOL_CONVERSION = YES;
				CLANG_WARN_COMMA = YES;
				CLANG_WARN_CONSTANT_CONVERSION = YES;
				CLANG_WARN_DEPRECATED_OBJC_IMPLEMENTATIONS = YES;
				CLANG_WARN_DIRECT_OBJC_ISA_USAGE = YES_ERROR;
				CLANG_WARN_DOCUMENTATION_COMMENTS = YES;
				CLANG_WARN_EMPTY_BODY = YES;
				CLANG_WARN_ENUM_CONVERSION = YES;
				CLANG_WARN_INFINITE_RECURSION = YES;
				CLANG_WARN_INT_CONVERSION = YES;
				CLANG_WARN_NON_LITERAL_NULL_CONVERSION = YES;
				CLANG_WARN_OBJC_IMPLICIT_RETAIN_SELF = YES;
				CLANG_WARN_OBJC_LITERAL_CONVERSION = YES;
				CLANG_WARN_OBJC_ROOT_CLASS = YES_ERROR;
				CLANG_WARN_QUOTED_INCLUDE_IN_FRAMEWORK_HEADER = YES;
				CLANG_WARN_RANGE_LOOP_ANALYSIS = YES;
				CLANG_WARN_STRICT_PROTOTYPES = YES;
				CLANG_WARN_SUSPICIOUS_MOVE = YES;
				CLANG_WARN_UNGUARDED_AVAILABILITY = YES_AGGRESSIVE;
				CLANG_WARN_UNREACHABLE_CODE = YES;
				CLANG_WARN__DUPLICATE_METHOD_MATCH = YES;
				COPY_PHASE_STRIP = NO;
				DEBUG_INFORMATION_FORMAT = "dwarf-with-dsym";
				ENABLE_NS_ASSERTIONS = NO;
				ENABLE_STRICT_OBJC_MSGSEND = YES;
				ENABLE_USER_SCRIPT_SANDBOXING = YES;
				GCC_C_LANGUAGE_STANDARD = gnu17;
				GCC_NO_COMMON_BLOCKS = YES;
				GCC_WARN_64_TO_32_BIT_CONVERSION = YES;
				GCC_WARN_ABOUT_RETURN_TYPE = YES_ERROR;
				GCC_WARN_UNDECLARED_SELECTOR = YES;
				GCC_WARN_UNINITIALIZED_AUTOS = YES_AGGRESSIVE;
				GCC_WARN_UNUSED_FUNCTION = YES;
				GCC_WARN_UNUSED_VARIABLE = YES;
				IPHONEOS_DEPLOYMENT_TARGET = 17.2;
				LOCALIZATION_PREFERS_STRING_CATALOGS = YES;
				MTL_ENABLE_DEBUG_INFO = NO;
				MTL_FAST_MATH = YES;
				SDKROOT = iphoneos;
				SWIFT_COMPILATION_MODE = wholemodule;
				VALIDATE_PRODUCT = YES;
			};
			name = Release;
		};
		887FE5212BDFDBAA0086FB6E /* Debug */ = {
			isa = XCBuildConfiguration;
			buildSettings = {
				ASSETCATALOG_COMPILER_APPICON_NAME = AppIcon;
				ASSETCATALOG_COMPILER_GLOBAL_ACCENT_COLOR_NAME = AccentColor;
				CODE_SIGN_STYLE = Automatic;
				CURRENT_PROJECT_VERSION = 1;
				DEVELOPMENT_ASSET_PATHS = "\"Weatherly/Preview Content\"";
				ENABLE_PREVIEWS = YES;
				GENERATE_INFOPLIST_FILE = YES;
				INFOPLIST_KEY_UIApplicationSceneManifest_Generation = YES;
				INFOPLIST_KEY_UIApplicationSupportsIndirectInputEvents = YES;
				INFOPLIST_KEY_UILaunchScreen_Generation = YES;
				INFOPLIST_KEY_UISupportedInterfaceOrientations_iPad = "UIInterfaceOrientationPortrait UIInterfaceOrientationPortraitUpsideDown UIInterfaceOrientationLandscapeLeft UIInterfaceOrientationLandscapeRight";
				INFOPLIST_KEY_UISupportedInterfaceOrientations_iPhone = "UIInterfaceOrientationPortrait UIInterfaceOrientationLandscapeLeft UIInterfaceOrientationLandscapeRight";
				LD_RUNPATH_SEARCH_PATHS = (
					"$(inherited)",
					"@executable_path/Frameworks",
				);
				MARKETING_VERSION = 1.0;
				PRODUCT_BUNDLE_IDENTIFIER = com.uts.Weatherly;
				PRODUCT_NAME = "$(TARGET_NAME)";
				SWIFT_EMIT_LOC_STRINGS = YES;
				SWIFT_VERSION = 5.0;
				TARGETED_DEVICE_FAMILY = "1,2";
			};
			name = Debug;
		};
		887FE5222BDFDBAA0086FB6E /* Release */ = {
			isa = XCBuildConfiguration;
			buildSettings = {
				ASSETCATALOG_COMPILER_APPICON_NAME = AppIcon;
				ASSETCATALOG_COMPILER_GLOBAL_ACCENT_COLOR_NAME = AccentColor;
				CODE_SIGN_STYLE = Automatic;
				CURRENT_PROJECT_VERSION = 1;
				DEVELOPMENT_ASSET_PATHS = "\"Weatherly/Preview Content\"";
				ENABLE_PREVIEWS = YES;
				GENERATE_INFOPLIST_FILE = YES;
				INFOPLIST_KEY_UIApplicationSceneManifest_Generation = YES;
				INFOPLIST_KEY_UIApplicationSupportsIndirectInputEvents = YES;
				INFOPLIST_KEY_UILaunchScreen_Generation = YES;
				INFOPLIST_KEY_UISupportedInterfaceOrientations_iPad = "UIInterfaceOrientationPortrait UIInterfaceOrientationPortraitUpsideDown UIInterfaceOrientationLandscapeLeft UIInterfaceOrientationLandscapeRight";
				INFOPLIST_KEY_UISupportedInterfaceOrientations_iPhone = "UIInterfaceOrientationPortrait UIInterfaceOrientationLandscapeLeft UIInterfaceOrientationLandscapeRight";
				LD_RUNPATH_SEARCH_PATHS = (
					"$(inherited)",
					"@executable_path/Frameworks",
				);
				MARKETING_VERSION = 1.0;
				PRODUCT_BUNDLE_IDENTIFIER = com.uts.Weatherly;
				PRODUCT_NAME = "$(TARGET_NAME)";
				SWIFT_EMIT_LOC_STRINGS = YES;
				SWIFT_VERSION = 5.0;
				TARGETED_DEVICE_FAMILY = "1,2";
			};
			name = Release;
		};
		887FE5242BDFDBAA0086FB6E /* Debug */ = {
			isa = XCBuildConfiguration;
			buildSettings = {
				ALWAYS_EMBED_SWIFT_STANDARD_LIBRARIES = YES;
				BUNDLE_LOADER = "$(TEST_HOST)";
				CODE_SIGN_STYLE = Automatic;
				CURRENT_PROJECT_VERSION = 1;
				GENERATE_INFOPLIST_FILE = YES;
				IPHONEOS_DEPLOYMENT_TARGET = 17.2;
				MARKETING_VERSION = 1.0;
				PRODUCT_BUNDLE_IDENTIFIER = com.uts.WeatherlyTests;
				PRODUCT_NAME = "$(TARGET_NAME)";
				SWIFT_EMIT_LOC_STRINGS = NO;
				SWIFT_VERSION = 5.0;
				TARGETED_DEVICE_FAMILY = "1,2";
				TEST_HOST = "$(BUILT_PRODUCTS_DIR)/Weatherly.app/$(BUNDLE_EXECUTABLE_FOLDER_PATH)/Weatherly";
			};
			name = Debug;
		};
		887FE5252BDFDBAA0086FB6E /* Release */ = {
			isa = XCBuildConfiguration;
			buildSettings = {
				ALWAYS_EMBED_SWIFT_STANDARD_LIBRARIES = YES;
				BUNDLE_LOADER = "$(TEST_HOST)";
				CODE_SIGN_STYLE = Automatic;
				CURRENT_PROJECT_VERSION = 1;
				GENERATE_INFOPLIST_FILE = YES;
				IPHONEOS_DEPLOYMENT_TARGET = 17.2;
				MARKETING_VERSION = 1.0;
				PRODUCT_BUNDLE_IDENTIFIER = com.uts.WeatherlyTests;
				PRODUCT_NAME = "$(TARGET_NAME)";
				SWIFT_EMIT_LOC_STRINGS = NO;
				SWIFT_VERSION = 5.0;
				TARGETED_DEVICE_FAMILY = "1,2";
				TEST_HOST = "$(BUILT_PRODUCTS_DIR)/Weatherly.app/$(BUNDLE_EXECUTABLE_FOLDER_PATH)/Weatherly";
			};
			name = Release;
		};
		887FE5272BDFDBAA0086FB6E /* Debug */ = {
			isa = XCBuildConfiguration;
			buildSettings = {
				ALWAYS_EMBED_SWIFT_STANDARD_LIBRARIES = YES;
				CODE_SIGN_STYLE = Automatic;
				CURRENT_PROJECT_VERSION = 1;
				GENERATE_INFOPLIST_FILE = YES;
				MARKETING_VERSION = 1.0;
				PRODUCT_BUNDLE_IDENTIFIER = com.uts.WeatherlyUITests;
				PRODUCT_NAME = "$(TARGET_NAME)";
				SWIFT_EMIT_LOC_STRINGS = NO;
				SWIFT_VERSION = 5.0;
				TARGETED_DEVICE_FAMILY = "1,2";
				TEST_TARGET_NAME = Weatherly;
			};
			name = Debug;
		};
		887FE5282BDFDBAA0086FB6E /* Release */ = {
			isa = XCBuildConfiguration;
			buildSettings = {
				ALWAYS_EMBED_SWIFT_STANDARD_LIBRARIES = YES;
				CODE_SIGN_STYLE = Automatic;
				CURRENT_PROJECT_VERSION = 1;
				GENERATE_INFOPLIST_FILE = YES;
				MARKETING_VERSION = 1.0;
				PRODUCT_BUNDLE_IDENTIFIER = com.uts.WeatherlyUITests;
				PRODUCT_NAME = "$(TARGET_NAME)";
				SWIFT_EMIT_LOC_STRINGS = NO;
				SWIFT_VERSION = 5.0;
				TARGETED_DEVICE_FAMILY = "1,2";
				TEST_TARGET_NAME = Weatherly;
			};
			name = Release;
		};
/* End XCBuildConfiguration section */

/* Begin XCConfigurationList section */
		887FE4F72BDFDBA80086FB6E /* Build configuration list for PBXProject "Weatherly" */ = {
			isa = XCConfigurationList;
			buildConfigurations = (
				887FE51E2BDFDBAA0086FB6E /* Debug */,
				887FE51F2BDFDBAA0086FB6E /* Release */,
			);
			defaultConfigurationIsVisible = 0;
			defaultConfigurationName = Release;
		};
		887FE5202BDFDBAA0086FB6E /* Build configuration list for PBXNativeTarget "Weatherly" */ = {
			isa = XCConfigurationList;
			buildConfigurations = (
				887FE5212BDFDBAA0086FB6E /* Debug */,
				887FE5222BDFDBAA0086FB6E /* Release */,
			);
			defaultConfigurationIsVisible = 0;
			defaultConfigurationName = Release;
		};
		887FE5232BDFDBAA0086FB6E /* Build configuration list for PBXNativeTarget "WeatherlyTests" */ = {
			isa = XCConfigurationList;
			buildConfigurations = (
				887FE5242BDFDBAA0086FB6E /* Debug */,
				887FE5252BDFDBAA0086FB6E /* Release */,
			);
			defaultConfigurationIsVisible = 0;
			defaultConfigurationName = Release;
		};
		887FE5262BDFDBAA0086FB6E /* Build configuration list for PBXNativeTarget "WeatherlyUITests" */ = {
			isa = XCConfigurationList;
			buildConfigurations = (
				887FE5272BDFDBAA0086FB6E /* Debug */,
				887FE5282BDFDBAA0086FB6E /* Release */,
			);
			defaultConfigurationIsVisible = 0;
			defaultConfigurationName = Release;
		};
/* End XCConfigurationList section */
	};
	rootObject = 887FE4F42BDFDBA80086FB6E /* Project object */;
}
